
Microsoft Visual Studio Solution File, Format Version 12.00
# Visual Studio 15
VisualStudioVersion = 15.0.27130.2036
MinimumVisualStudioVersion = 10.0.40219.1
Project("{9A19103F-16F7-4668-BE54-9A1E7A4F7556}") = "Geometry", "Geometry\Geometry.csproj", "{179DB72E-C682-4288-95B3-8755BE62D97F}"
EndProject
Project("{9A19103F-16F7-4668-BE54-9A1E7A4F7556}") = "AnimalFarm", "AnimalFarm\AnimalFarm.csproj", "{A263A5AE-8D43-4142-A24B-730018FA2E2D}"
EndProject
Project("{9A19103F-16F7-4668-BE54-9A1E7A4F7556}") = "ShoppingSpree", "ShoppingSpree\ShoppingSpree.csproj", "{38D8AAE0-A5D5-4191-8E92-860250CBD397}"
EndProject
Project("{9A19103F-16F7-4668-BE54-9A1E7A4F7556}") = "PizzaCalories", "PizzaCalories\PizzaCalories.csproj", "{55EAD7C5-ECF8-442F-8B64-F2C3B3AF68F1}"
EndProject
Project("{FAE04EC0-301F-11D3-BF4B-00C04F79EFBC}") = "FootballTeam", "FootballTeam\FootballTeam.csproj", "{CD493193-1BE6-459A-8411-9C70E2844DEC}"
EndProject
Global
	GlobalSection(SolutionConfigurationPlatforms) = preSolution
		Debug|Any CPU = Debug|Any CPU
		Release|Any CPU = Release|Any CPU
	EndGlobalSection
	GlobalSection(ProjectConfigurationPlatforms) = postSolution
		{179DB72E-C682-4288-95B3-8755BE62D97F}.Debug|Any CPU.ActiveCfg = Debug|Any CPU
		{179DB72E-C682-4288-95B3-8755BE62D97F}.Debug|Any CPU.Build.0 = Debug|Any CPU
		{179DB72E-C682-4288-95B3-8755BE62D97F}.Release|Any CPU.ActiveCfg = Release|Any CPU
		{179DB72E-C682-4288-95B3-8755BE62D97F}.Release|Any CPU.Build.0 = Release|Any CPU
		{A263A5AE-8D43-4142-A24B-730018FA2E2D}.Debug|Any CPU.ActiveCfg = Debug|Any CPU
		{A263A5AE-8D43-4142-A24B-730018FA2E2D}.Debug|Any CPU.Build.0 = Debug|Any CPU
		{A263A5AE-8D43-4142-A24B-730018FA2E2D}.Release|Any CPU.ActiveCfg = Release|Any CPU
		{A263A5AE-8D43-4142-A24B-730018FA2E2D}.Release|Any CPU.Build.0 = Release|Any CPU
		{38D8AAE0-A5D5-4191-8E92-860250CBD397}.Debug|Any CPU.ActiveCfg = Debug|Any CPU
		{38D8AAE0-A5D5-4191-8E92-860250CBD397}.Debug|Any CPU.Build.0 = Debug|Any CPU
		{38D8AAE0-A5D5-4191-8E92-860250CBD397}.Release|Any CPU.ActiveCfg = Release|Any CPU
		{38D8AAE0-A5D5-4191-8E92-860250CBD397}.Release|Any CPU.Build.0 = Release|Any CPU
		{55EAD7C5-ECF8-442F-8B64-F2C3B3AF68F1}.Debug|Any CPU.ActiveCfg = Debug|Any CPU
		{55EAD7C5-ECF8-442F-8B64-F2C3B3AF68F1}.Debug|Any CPU.Build.0 = Debug|Any CPU
		{55EAD7C5-ECF8-442F-8B64-F2C3B3AF68F1}.Release|Any CPU.ActiveCfg = Release|Any CPU
		{55EAD7C5-ECF8-442F-8B64-F2C3B3AF68F1}.Release|Any CPU.Build.0 = Release|Any CPU
		{CD493193-1BE6-459A-8411-9C70E2844DEC}.Debug|Any CPU.ActiveCfg = Debug|Any CPU
		{CD493193-1BE6-459A-8411-9C70E2844DEC}.Debug|Any CPU.Build.0 = Debug|Any CPU
		{CD493193-1BE6-459A-8411-9C70E2844DEC}.Release|Any CPU.ActiveCfg = Release|Any CPU
		{CD493193-1BE6-459A-8411-9C70E2844DEC}.Release|Any CPU.Build.0 = Release|Any CPU
	EndGlobalSection
	GlobalSection(SolutionProperties) = preSolution
		HideSolutionNode = FALSE
	EndGlobalSection
	GlobalSection(ExtensibilityGlobals) = postSolution
		SolutionGuid = {37F77A30-F836-4657-99EB-B8E9B0034C7D}
	EndGlobalSection
EndGlobal
